
Microsoft Visual Studio Solution File, Format Version 12.00
# Visual Studio 15
VisualStudioVersion = 15.0.28010.2016
MinimumVisualStudioVersion = 10.0.40219.1
Project("{FAE04EC0-301F-11D3-BF4B-00C04F79EFBC}") = "albiondata-api-dotNet", "albiondata-api-dotNet\albiondata-api-dotNet.csproj", "{C4B1FF34-E138-4CB9-944E-08430D043EB5}"
EndProject
Global
	GlobalSection(SolutionConfigurationPlatforms) = preSolution
		Debug|Any CPU = Debug|Any CPU
		Release|Any CPU = Release|Any CPU
	EndGlobalSection
	GlobalSection(ProjectConfigurationPlatforms) = postSolution
		{C4B1FF34-E138-4CB9-944E-08430D043EB5}.Debug|Any CPU.ActiveCfg = Debug|Any CPU
		{C4B1FF34-E138-4CB9-944E-08430D043EB5}.Debug|Any CPU.Build.0 = Debug|Any CPU
		{C4B1FF34-E138-4CB9-944E-08430D043EB5}.Release|Any CPU.ActiveCfg = Release|Any CPU
		{C4B1FF34-E138-4CB9-944E-08430D043EB5}.Release|Any CPU.Build.0 = Release|Any CPU
	EndGlobalSection
	GlobalSection(SolutionProperties) = preSolution
		HideSolutionNode = FALSE
	EndGlobalSection
	GlobalSection(ExtensibilityGlobals) = postSolution
		SolutionGuid = {E64D625F-0DBD-4DAF-82CF-E9BFD41574DF}
	EndGlobalSection
EndGlobal
