
Microsoft Visual Studio Solution File, Format Version 12.00
# Visual Studio Version 16
VisualStudioVersion = 16.0.29709.97
MinimumVisualStudioVersion = 10.0.40219.1
Project("{9A19103F-16F7-4668-BE54-9A1E7A4F7556}") = "albiondata-api-dotNet", "albiondata-api-dotNet\albiondata-api-dotNet.csproj", "{C4B1FF34-E138-4CB9-944E-08430D043EB5}"
EndProject
Global
	GlobalSection(SolutionConfigurationPlatforms) = preSolution
		Debug|Any CPU = Debug|Any CPU
		Release|Any CPU = Release|Any CPU
	EndGlobalSection
	GlobalSection(ProjectConfigurationPlatforms) = postSolution
		{C4B1FF34-E138-4CB9-944E-08430D043EB5}.Debug|Any CPU.ActiveCfg = Debug|Any CPU
		{C4B1FF34-E138-4CB9-944E-08430D043EB5}.Debug|Any CPU.Build.0 = Debug|Any CPU
		{C4B1FF34-E138-4CB9-944E-08430D043EB5}.Release|Any CPU.ActiveCfg = Release|Any CPU
		{C4B1FF34-E138-4CB9-944E-08430D043EB5}.Release|Any CPU.Build.0 = Release|Any CPU
	EndGlobalSection
	GlobalSection(SolutionProperties) = preSolution
		HideSolutionNode = FALSE
	EndGlobalSection
	GlobalSection(ExtensibilityGlobals) = postSolution
		SolutionGuid = {E64D625F-0DBD-4DAF-82CF-E9BFD41574DF}
	EndGlobalSection
EndGlobal
